{
  "nodes": {
    "flake-utils": {
      "inputs": {
        "systems": "systems"
      },
      "locked": {
        "lastModified": 1731533236,
        "narHash": "sha256-l0KFg5HjrsfsO/JpG+r7fRrqm12kzFHyUHqHCVpMMbI=",
        "owner": "numtide",
        "repo": "flake-utils",
        "rev": "11707dc2f618dd54ca8739b309ec4fc024de578b",
        "type": "github"
      },
      "original": {
        "owner": "numtide",
        "repo": "flake-utils",
        "type": "github"
      }
    },
    "home-manager": {
      "inputs": {
        "nixpkgs": [
          "nixpkgs"
        ]
      },
      "locked": {
        "lastModified": 1766382093,
        "narHash": "sha256-QSMayWvqhJ1oOP8rZ6yvD5eVujid2CokqwZmCijSrT8=",
        "owner": "nix-community",
        "repo": "home-manager",
        "rev": "3fe66908e090a521d1ec5978e84f3c2012820628",
        "type": "github"
      },
      "original": {
        "owner": "nix-community",
        "ref": "master",
        "repo": "home-manager",
        "type": "github"
      }
    },
    "nix-wpsoffice-cn": {
      "inputs": {
        "flake-utils": "flake-utils",
        "nixpkgs": "nixpkgs"
      },
      "locked": {
        "lastModified": 1749822003,
        "narHash": "sha256-sCCF84iX5oqpHtublaaOkK1AV2x1igKJBRsUcLOIfiU=",
        "owner": "Beriholic",
        "repo": "nix-wpsoffice-cn",
        "rev": "2a4e1644761b7060b447247bfa08fa2e966abe63",
        "type": "github"
      },
      "original": {
        "owner": "Beriholic",
        "repo": "nix-wpsoffice-cn",
        "type": "github"
      }
    },
    "nixos-grub-themes": {
      "inputs": {
        "nixpkgs": "nixpkgs_2"
      },
      "locked": {
        "lastModified": 1720290504,
        "narHash": "sha256-QeIUxy0XJtp8SPes/TdDxzHCl96rgwYhX9kd65rIZ2s=",
        "owner": "jeslie0",
        "repo": "nixos-grub-themes",
        "rev": "781c410c3522fc62a99206a6c3e8469a5fc90a01",
        "type": "github"
      },
      "original": {
        "owner": "jeslie0",
        "repo": "nixos-grub-themes",
        "type": "github"
      }
    },
    "nixpkgs": {
      "locked": {
        "lastModified": 1749285348,
        "narHash": "sha256-frdhQvPbmDYaScPFiCnfdh3B/Vh81Uuoo0w5TkWmmjU=",
        "owner": "NixOS",
        "repo": "nixpkgs",
        "rev": "3e3afe5174c561dee0df6f2c2b2236990146329f",
        "type": "github"
      },
      "original": {
        "owner": "NixOS",
        "ref": "nixos-unstable",
        "repo": "nixpkgs",
        "type": "github"
      }
    },
    "nixpkgs_2": {
      "locked": {
        "lastModified": 1702151865,
        "narHash": "sha256-9VAt19t6yQa7pHZLDbil/QctAgVsA66DLnzdRGqDisg=",
        "owner": "nixos",
        "repo": "nixpkgs",
        "rev": "666fc80e7b2afb570462423cb0e1cf1a3a34fedd",
        "type": "github"
      },
      "original": {
        "owner": "nixos",
        "ref": "nixos-unstable",
        "repo": "nixpkgs",
        "type": "github"
      }
    },
    "nixpkgs_3": {
      "locked": {
        "lastModified": 1766070988,
        "narHash": "sha256-G/WVghka6c4bAzMhTwT2vjLccg/awmHkdKSd2JrycLc=",
        "owner": "nixos",
        "repo": "nixpkgs",
        "rev": "c6245e83d836d0433170a16eb185cefe0572f8b8",
        "type": "github"
      },
      "original": {
        "owner": "nixos",
        "ref": "nixos-unstable",
        "repo": "nixpkgs",
        "type": "github"
      }
    },
    "noctalia": {
      "inputs": {
        "nixpkgs": [
          "nixpkgs"
        ]
      },
      "locked": {
        "lastModified": 1766376535,
        "narHash": "sha256-o0cYeO2qfeZw8s7gf5oodq42I4/Ikwdci+NA7RPi/js=",
        "owner": "noctalia-dev",
        "repo": "noctalia-shell",
        "rev": "58cb73ebae0c0941db222c251e3e914548dcfc2e",
        "type": "github"
      },
      "original": {
        "owner": "noctalia-dev",
        "repo": "noctalia-shell",
        "type": "github"
      }
    },
    "quickshell": {
      "inputs": {
        "nixpkgs": [
          "nixpkgs"
        ]
      },
      "locked": {
        "lastModified": 1766386896,
        "narHash": "sha256-1uql4y229Rh+/2da99OVNe6DfsjObukXkf60TYRCvhI=",
        "owner": "outfoxxed",
        "repo": "quickshell",
        "rev": "3918290c1bcd93ed81291844d9f1ed146672dbfc",
        "type": "github"
      },
      "original": {
        "owner": "outfoxxed",
        "repo": "quickshell",
        "type": "github"
      }
    },
    "root": {
      "inputs": {
        "home-manager": "home-manager",
        "nix-wpsoffice-cn": "nix-wpsoffice-cn",
        "nixos-grub-themes": "nixos-grub-themes",
        "nixpkgs": "nixpkgs_3",
        "noctalia": "noctalia",
        "quickshell": "quickshell",
        "zen-browser": "zen-browser"
      }
    },
    "systems": {
      "locked": {
        "lastModified": 1681028828,
        "narHash": "sha256-Vy1rq5AaRuLzOxct8nz4T6wlgyUR7zLU309k9mBC768=",
        "owner": "nix-systems",
        "repo": "default",
        "rev": "da67096a3b9bf56a91d16901293e51ba5b49a27e",
        "type": "github"
      },
      "original": {
        "owner": "nix-systems",
        "repo": "default",
        "type": "github"
      }
    },
    "zen-browser": {
      "inputs": {
        "nixpkgs": [
          "nixpkgs"
        ]
      },
      "locked": {
        "lastModified": 1766377218,
        "narHash": "sha256-y3g3OqPB0tmRjbHJNnJKivSQRtAJR+/9S1xbxBWEatg=",
        "owner": "youwen5",
        "repo": "zen-browser-flake",
        "rev": "2f61341b32dd69c07e147188e67e09ba2bb99c33",
        "type": "github"
      },
      "original": {
        "owner": "youwen5",
        "repo": "zen-browser-flake",
        "type": "github"
      }
    }
  },
  "root": "root",
  "version": 7
}
